// !$*UTF8*$!
{
	archiveVersion = 1;
	classes = {
	};
	objectVersion = 50;
	objects = {

/* Begin PBXBuildFile section */
		55B7A32321F053F20020D4DA /* AppDelegate.m in Sources */ = {isa = PBXBuildFile; fileRef = 55B7A32221F053F20020D4DA /* AppDelegate.m */; };
		55B7A32621F053F20020D4DA /* ViewController.m in Sources */ = {isa = PBXBuildFile; fileRef = 55B7A32521F053F20020D4DA /* ViewController.m */; };
		55B7A32921F053F20020D4DA /* Main.storyboard in Resources */ = {isa = PBXBuildFile; fileRef = 55B7A32721F053F20020D4DA /* Main.storyboard */; };
		55B7A32B21F053F30020D4DA /* Assets.xcassets in Resources */ = {isa = PBXBuildFile; fileRef = 55B7A32A21F053F30020D4DA /* Assets.xcassets */; };
		55B7A32E21F053F30020D4DA /* LaunchScreen.storyboard in Resources */ = {isa = PBXBuildFile; fileRef = 55B7A32C21F053F30020D4DA /* LaunchScreen.storyboard */; };
		55B7A33121F053F30020D4DA /* main.m in Sources */ = {isa = PBXBuildFile; fileRef = 55B7A33021F053F30020D4DA /* main.m */; };
		55B7A33B21F053F30020D4DA /* IKTReachabilityDemoTests.m in Sources */ = {isa = PBXBuildFile; fileRef = 55B7A33A21F053F30020D4DA /* IKTReachabilityDemoTests.m */; };
		55B7A34621F053F30020D4DA /* IKTReachabilityDemoUITests.m in Sources */ = {isa = PBXBuildFile; fileRef = 55B7A34521F053F30020D4DA /* IKTReachabilityDemoUITests.m */; };
		55B7A35621F054330020D4DA /* IKTReachability.m in Sources */ = {isa = PBXBuildFile; fileRef = 55B7A35421F054330020D4DA /* IKTReachability.m */; };
/* End PBXBuildFile section */

/* Begin PBXContainerItemProxy section */
		55B7A33721F053F30020D4DA /* PBXContainerItemProxy */ = {
			isa = PBXContainerItemProxy;
			containerPortal = 55B7A31621F053F20020D4DA /* Project object */;
			proxyType = 1;
			remoteGlobalIDString = 55B7A31D21F053F20020D4DA;
			remoteInfo = IKTReachabilityDemo;
		};
		55B7A34221F053F30020D4DA /* PBXContainerItemProxy */ = {
			isa = PBXContainerItemProxy;
			containerPortal = 55B7A31621F053F20020D4DA /* Project object */;
			proxyType = 1;
			remoteGlobalIDString = 55B7A31D21F053F20020D4DA;
			remoteInfo = IKTReachabilityDemo;
		};
/* End PBXContainerItemProxy section */

/* Begin PBXFileReference section */
		55B7A31E21F053F20020D4DA /* IKTReachabilityDemo.app */ = {isa = PBXFileReference; explicitFileType = wrapper.application; includeInIndex = 0; path = IKTReachabilityDemo.app; sourceTree = BUILT_PRODUCTS_DIR; };
		55B7A32121F053F20020D4DA /* AppDelegate.h */ = {isa = PBXFileReference; lastKnownFileType = sourcecode.c.h; path = AppDelegate.h; sourceTree = "<group>"; };
		55B7A32221F053F20020D4DA /* AppDelegate.m */ = {isa = PBXFileReference; lastKnownFileType = sourcecode.c.objc; path = AppDelegate.m; sourceTree = "<group>"; };
		55B7A32421F053F20020D4DA /* ViewController.h */ = {isa = PBXFileReference; lastKnownFileType = sourcecode.c.h; path = ViewController.h; sourceTree = "<group>"; };
		55B7A32521F053F20020D4DA /* ViewController.m */ = {isa = PBXFileReference; lastKnownFileType = sourcecode.c.objc; path = ViewController.m; sourceTree = "<group>"; };
		55B7A32821F053F20020D4DA /* Base */ = {isa = PBXFileReference; lastKnownFileType = file.storyboard; name = Base; path = Base.lproj/Main.storyboard; sourceTree = "<group>"; };
		55B7A32A21F053F30020D4DA /* Assets.xcassets */ = {isa = PBXFileReference; lastKnownFileType = folder.assetcatalog; path = Assets.xcassets; sourceTree = "<group>"; };
		55B7A32D21F053F30020D4DA /* Base */ = {isa = PBXFileReference; lastKnownFileType = file.storyboard; name = Base; path = Base.lproj/LaunchScreen.storyboard; sourceTree = "<group>"; };
		55B7A32F21F053F30020D4DA /* Info.plist */ = {isa = PBXFileReference; lastKnownFileType = text.plist.xml; path = Info.plist; sourceTree = "<group>"; };
		55B7A33021F053F30020D4DA /* main.m */ = {isa = PBXFileReference; lastKnownFileType = sourcecode.c.objc; path = main.m; sourceTree = "<group>"; };
		55B7A33621F053F30020D4DA /* IKTReachabilityDemoTests.xctest */ = {isa = PBXFileReference; explicitFileType = wrapper.cfbundle; includeInIndex = 0; path = IKTReachabilityDemoTests.xctest; sourceTree = BUILT_PRODUCTS_DIR; };
		55B7A33A21F053F30020D4DA /* IKTReachabilityDemoTests.m */ = {isa = PBXFileReference; lastKnownFileType = sourcecode.c.objc; path = IKTReachabilityDemoTests.m; sourceTree = "<group>"; };
		55B7A33C21F053F30020D4DA /* Info.plist */ = {isa = PBXFileReference; lastKnownFileType = text.plist.xml; path = Info.plist; sourceTree = "<group>"; };
		55B7A34121F053F30020D4DA /* IKTReachabilityDemoUITests.xctest */ = {isa = PBXFileReference; explicitFileType = wrapper.cfbundle; includeInIndex = 0; path = IKTReachabilityDemoUITests.xctest; sourceTree = BUILT_PRODUCTS_DIR; };
		55B7A34521F053F30020D4DA /* IKTReachabilityDemoUITests.m */ = {isa = PBXFileReference; lastKnownFileType = sourcecode.c.objc; path = IKTReachabilityDemoUITests.m; sourceTree = "<group>"; };
		55B7A34721F053F30020D4DA /* Info.plist */ = {isa = PBXFileReference; lastKnownFileType = text.plist.xml; path = Info.plist; sourceTree = "<group>"; };
		55B7A35421F054330020D4DA /* IKTReachability.m */ = {isa = PBXFileReference; fileEncoding = 4; lastKnownFileType = sourcecode.c.objc; path = IKTReachability.m; sourceTree = "<group>"; };
		55B7A35521F054330020D4DA /* IKTReachability.h */ = {isa = PBXFileReference; fileEncoding = 4; lastKnownFileType = sourcecode.c.h; path = IKTReachability.h; sourceTree = "<group>"; };
/* End PBXFileReference section */

/* Begin PBXFrameworksBuildPhase section */
		55B7A31B21F053F20020D4DA /* Frameworks */ = {
			isa = PBXFrameworksBuildPhase;
			buildActionMask = 2147483647;
			files = (
			);
			runOnlyForDeploymentPostprocessing = 0;
		};
		55B7A33321F053F30020D4DA /* Frameworks */ = {
			isa = PBXFrameworksBuildPhase;
			buildActionMask = 2147483647;
			files = (
			);
			runOnlyForDeploymentPostprocessing = 0;
		};
		55B7A33E21F053F30020D4DA /* Frameworks */ = {
			isa = PBXFrameworksBuildPhase;
			buildActionMask = 2147483647;
			files = (
			);
			runOnlyForDeploymentPostprocessing = 0;
		};
/* End PBXFrameworksBuildPhase section */

/* Begin PBXGroup section */
		55B7A31521F053F20020D4DA = {
			isa = PBXGroup;
			children = (
				55B7A35321F054330020D4DA /* IKTReachability */,
				55B7A32021F053F20020D4DA /* IKTReachabilityDemo */,
				55B7A33921F053F30020D4DA /* IKTReachabilityDemoTests */,
				55B7A34421F053F30020D4DA /* IKTReachabilityDemoUITests */,
				55B7A31F21F053F20020D4DA /* Products */,
			);
			sourceTree = "<group>";
		};
		55B7A31F21F053F20020D4DA /* Products */ = {
			isa = PBXGroup;
			children = (
				55B7A31E21F053F20020D4DA /* IKTReachabilityDemo.app */,
				55B7A33621F053F30020D4DA /* IKTReachabilityDemoTests.xctest */,
				55B7A34121F053F30020D4DA /* IKTReachabilityDemoUITests.xctest */,
			);
			name = Products;
			sourceTree = "<group>";
		};
		55B7A32021F053F20020D4DA /* IKTReachabilityDemo */ = {
			isa = PBXGroup;
			children = (
				55B7A32121F053F20020D4DA /* AppDelegate.h */,
				55B7A32221F053F20020D4DA /* AppDelegate.m */,
				55B7A32421F053F20020D4DA /* ViewController.h */,
				55B7A32521F053F20020D4DA /* ViewController.m */,
				55B7A32721F053F20020D4DA /* Main.storyboard */,
				55B7A32A21F053F30020D4DA /* Assets.xcassets */,
				55B7A32C21F053F30020D4DA /* LaunchScreen.storyboard */,
				55B7A32F21F053F30020D4DA /* Info.plist */,
				55B7A33021F053F30020D4DA /* main.m */,
			);
			path = IKTReachabilityDemo;
			sourceTree = "<group>";
		};
		55B7A33921F053F30020D4DA /* IKTReachabilityDemoTests */ = {
			isa = PBXGroup;
			children = (
				55B7A33A21F053F30020D4DA /* IKTReachabilityDemoTests.m */,
				55B7A33C21F053F30020D4DA /* Info.plist */,
			);
			path = IKTReachabilityDemoTests;
			sourceTree = "<group>";
		};
		55B7A34421F053F30020D4DA /* IKTReachabilityDemoUITests */ = {
			isa = PBXGroup;
			children = (
				55B7A34521F053F30020D4DA /* IKTReachabilityDemoUITests.m */,
				55B7A34721F053F30020D4DA /* Info.plist */,
			);
			path = IKTReachabilityDemoUITests;
			sourceTree = "<group>";
		};
		55B7A35321F054330020D4DA /* IKTReachability */ = {
			isa = PBXGroup;
			children = (
				55B7A35521F054330020D4DA /* IKTReachability.h */,
				55B7A35421F054330020D4DA /* IKTReachability.m */,
			);
			path = IKTReachability;
			sourceTree = "<group>";
		};
/* End PBXGroup section */

/* Begin PBXNativeTarget section */
		55B7A31D21F053F20020D4DA /* IKTReachabilityDemo */ = {
			isa = PBXNativeTarget;
			buildConfigurationList = 55B7A34A21F053F30020D4DA /* Build configuration list for PBXNativeTarget "IKTReachabilityDemo" */;
			buildPhases = (
				55B7A31A21F053F20020D4DA /* Sources */,
				55B7A31B21F053F20020D4DA /* Frameworks */,
				55B7A31C21F053F20020D4DA /* Resources */,
			);
			buildRules = (
			);
			dependencies = (
			);
			name = IKTReachabilityDemo;
			productName = IKTReachabilityDemo;
			productReference = 55B7A31E21F053F20020D4DA /* IKTReachabilityDemo.app */;
			productType = "com.apple.product-type.application";
		};
		55B7A33521F053F30020D4DA /* IKTReachabilityDemoTests */ = {
			isa = PBXNativeTarget;
			buildConfigurationList = 55B7A34D21F053F30020D4DA /* Build configuration list for PBXNativeTarget "IKTReachabilityDemoTests" */;
			buildPhases = (
				55B7A33221F053F30020D4DA /* Sources */,
				55B7A33321F053F30020D4DA /* Frameworks */,
				55B7A33421F053F30020D4DA /* Resources */,
			);
			buildRules = (
			);
			dependencies = (
				55B7A33821F053F30020D4DA /* PBXTargetDependency */,
			);
			name = IKTReachabilityDemoTests;
			productName = IKTReachabilityDemoTests;
			productReference = 55B7A33621F053F30020D4DA /* IKTReachabilityDemoTests.xctest */;
			productType = "com.apple.product-type.bundle.unit-test";
		};
		55B7A34021F053F30020D4DA /* IKTReachabilityDemoUITests */ = {
			isa = PBXNativeTarget;
			buildConfigurationList = 55B7A35021F053F30020D4DA /* Build configuration list for PBXNativeTarget "IKTReachabilityDemoUITests" */;
			buildPhases = (
				55B7A33D21F053F30020D4DA /* Sources */,
				55B7A33E21F053F30020D4DA /* Frameworks */,
				55B7A33F21F053F30020D4DA /* Resources */,
			);
			buildRules = (
			);
			dependencies = (
				55B7A34321F053F30020D4DA /* PBXTargetDependency */,
			);
			name = IKTReachabilityDemoUITests;
			productName = IKTReachabilityDemoUITests;
			productReference = 55B7A34121F053F30020D4DA /* IKTReachabilityDemoUITests.xctest */;
			productType = "com.apple.product-type.bundle.ui-testing";
		};
/* End PBXNativeTarget section */

/* Begin PBXProject section */
		55B7A31621F053F20020D4DA /* Project object */ = {
			isa = PBXProject;
			attributes = {
				LastUpgradeCheck = 1010;
				ORGANIZATIONNAME = IKTDemo;
				TargetAttributes = {
					55B7A31D21F053F20020D4DA = {
						CreatedOnToolsVersion = 10.1;
					};
					55B7A33521F053F30020D4DA = {
						CreatedOnToolsVersion = 10.1;
						TestTargetID = 55B7A31D21F053F20020D4DA;
					};
					55B7A34021F053F30020D4DA = {
						CreatedOnToolsVersion = 10.1;
						TestTargetID = 55B7A31D21F053F20020D4DA;
					};
				};
			};
			buildConfigurationList = 55B7A31921F053F20020D4DA /* Build configuration list for PBXProject "IKTReachabilityDemo" */;
			compatibilityVersion = "Xcode 9.3";
			developmentRegion = en;
			hasScannedForEncodings = 0;
			knownRegions = (
				en,
				Base,
			);
			mainGroup = 55B7A31521F053F20020D4DA;
			productRefGroup = 55B7A31F21F053F20020D4DA /* Products */;
			projectDirPath = "";
			projectRoot = "";
			targets = (
				55B7A31D21F053F20020D4DA /* IKTReachabilityDemo */,
				55B7A33521F053F30020D4DA /* IKTReachabilityDemoTests */,
				55B7A34021F053F30020D4DA /* IKTReachabilityDemoUITests */,
			);
		};
/* End PBXProject section */

/* Begin PBXResourcesBuildPhase section */
		55B7A31C21F053F20020D4DA /* Resources */ = {
			isa = PBXResourcesBuildPhase;
			buildActionMask = 2147483647;
			files = (
				55B7A32E21F053F30020D4DA /* LaunchScreen.storyboard in Resources */,
				55B7A32B21F053F30020D4DA /* Assets.xcassets in Resources */,
				55B7A32921F053F20020D4DA /* Main.storyboard in Resources */,
			);
			runOnlyForDeploymentPostprocessing = 0;
		};
		55B7A33421F053F30020D4DA /* Resources */ = {
			isa = PBXResourcesBuildPhase;
			buildActionMask = 2147483647;
			files = (
			);
			runOnlyForDeploymentPostprocessing = 0;
		};
		55B7A33F21F053F30020D4DA /* Resources */ = {
			isa = PBXResourcesBuildPhase;
			buildActionMask = 2147483647;
			files = (
			);
			runOnlyForDeploymentPostprocessing = 0;
		};
/* End PBXResourcesBuildPhase section */

/* Begin PBXSourcesBuildPhase section */
		55B7A31A21F053F20020D4DA /* Sources */ = {
			isa = PBXSourcesBuildPhase;
			buildActionMask = 2147483647;
			files = (
				55B7A32621F053F20020D4DA /* ViewController.m in Sources */,
				55B7A35621F054330020D4DA /* IKTReachability.m in Sources */,
				55B7A33121F053F30020D4DA /* main.m in Sources */,
				55B7A32321F053F20020D4DA /* AppDelegate.m in Sources */,
			);
			runOnlyForDeploymentPostprocessing = 0;
		};
		55B7A33221F053F30020D4DA /* Sources */ = {
			isa = PBXSourcesBuildPhase;
			buildActionMask = 2147483647;
			files = (
				55B7A33B21F053F30020D4DA /* IKTReachabilityDemoTests.m in Sources */,
			);
			runOnlyForDeploymentPostprocessing = 0;
		};
		55B7A33D21F053F30020D4DA /* Sources */ = {
			isa = PBXSourcesBuildPhase;
			buildActionMask = 2147483647;
			files = (
				55B7A34621F053F30020D4DA /* IKTReachabilityDemoUITests.m in Sources */,
			);
			runOnlyForDeploymentPostprocessing = 0;
		};
/* End PBXSourcesBuildPhase section */

/* Begin PBXTargetDependency section */
		55B7A33821F053F30020D4DA /* PBXTargetDependency */ = {
			isa = PBXTargetDependency;
			target = 55B7A31D21F053F20020D4DA /* IKTReachabilityDemo */;
			targetProxy = 55B7A33721F053F30020D4DA /* PBXContainerItemProxy */;
		};
		55B7A34321F053F30020D4DA /* PBXTargetDependency */ = {
			isa = PBXTargetDependency;
			target = 55B7A31D21F053F20020D4DA /* IKTReachabilityDemo */;
			targetProxy = 55B7A34221F053F30020D4DA /* PBXContainerItemProxy */;
		};
/* End PBXTargetDependency section */

/* Begin PBXVariantGroup section */
		55B7A32721F053F20020D4DA /* Main.storyboard */ = {
			isa = PBXVariantGroup;
			children = (
				55B7A32821F053F20020D4DA /* Base */,
			);
			name = Main.storyboard;
			sourceTree = "<group>";
		};
		55B7A32C21F053F30020D4DA /* LaunchScreen.storyboard */ = {
			isa = PBXVariantGroup;
			children = (
				55B7A32D21F053F30020D4DA /* Base */,
			);
			name = LaunchScreen.storyboard;
			sourceTree = "<group>";
		};
/* End PBXVariantGroup section */

/* Begin XCBuildConfiguration section */
		55B7A34821F053F30020D4DA /* Debug */ = {
			isa = XCBuildConfiguration;
			buildSettings = {
				ALWAYS_SEARCH_USER_PATHS = NO;
				CLANG_ANALYZER_NONNULL = YES;
				CLANG_ANALYZER_NUMBER_OBJECT_CONVERSION = YES_AGGRESSIVE;
				CLANG_CXX_LANGUAGE_STANDARD = "gnu++14";
				CLANG_CXX_LIBRARY = "libc++";
				CLANG_ENABLE_MODULES = YES;
				CLANG_ENABLE_OBJC_ARC = YES;
				CLANG_ENABLE_OBJC_WEAK = YES;
				CLANG_WARN_BLOCK_CAPTURE_AUTORELEASING = YES;
				CLANG_WARN_BOOL_CONVERSION = YES;
				CLANG_WARN_COMMA = YES;
				CLANG_WARN_CONSTANT_CONVERSION = YES;
				CLANG_WARN_DEPRECATED_OBJC_IMPLEMENTATIONS = YES;
				CLANG_WARN_DIRECT_OBJC_ISA_USAGE = YES_ERROR;
				CLANG_WARN_DOCUMENTATION_COMMENTS = YES;
				CLANG_WARN_EMPTY_BODY = YES;
				CLANG_WARN_ENUM_CONVERSION = YES;
				CLANG_WARN_INFINITE_RECURSION = YES;
				CLANG_WARN_INT_CONVERSION = YES;
				CLANG_WARN_NON_LITERAL_NULL_CONVERSION = YES;
				CLANG_WARN_OBJC_IMPLICIT_RETAIN_SELF = YES;
				CLANG_WARN_OBJC_LITERAL_CONVERSION = YES;
				CLANG_WARN_OBJC_ROOT_CLASS = YES_ERROR;
				CLANG_WARN_RANGE_LOOP_ANALYSIS = YES;
				CLANG_WARN_STRICT_PROTOTYPES = YES;
				CLANG_WARN_SUSPICIOUS_MOVE = YES;
				CLANG_WARN_UNGUARDED_AVAILABILITY = YES_AGGRESSIVE;
				CLANG_WARN_UNREACHABLE_CODE = YES;
				CLANG_WARN__DUPLICATE_METHOD_MATCH = YES;
				CODE_SIGN_IDENTITY = "iPhone Developer";
				COPY_PHASE_STRIP = NO;
				DEBUG_INFORMATION_FORMAT = dwarf;
				ENABLE_STRICT_OBJC_MSGSEND = YES;
				ENABLE_TESTABILITY = YES;
				GCC_C_LANGUAGE_STANDARD = gnu11;
				GCC_DYNAMIC_NO_PIC = NO;
				GCC_NO_COMMON_BLOCKS = YES;
				GCC_OPTIMIZATION_LEVEL = 0;
				GCC_PREPROCESSOR_DEFINITIONS = (
					"DEBUG=1",
					"$(inherited)",
				);
				GCC_WARN_64_TO_32_BIT_CONVERSION = YES;
				GCC_WARN_ABOUT_RETURN_TYPE = YES_ERROR;
				GCC_WARN_UNDECLARED_SELECTOR = YES;
				GCC_WARN_UNINITIALIZED_AUTOS = YES_AGGRESSIVE;
				GCC_WARN_UNUSED_FUNCTION = YES;
				GCC_WARN_UNUSED_VARIABLE = YES;
				IPHONEOS_DEPLOYMENT_TARGET = 12.1;
				MTL_ENABLE_DEBUG_INFO = INCLUDE_SOURCE;
				MTL_FAST_MATH = YES;
				ONLY_ACTIVE_ARCH = YES;
				SDKROOT = iphoneos;
			};
			name = Debug;
		};
		55B7A34921F053F30020D4DA /* Release */ = {
			isa = XCBuildConfiguration;
			buildSettings = {
				ALWAYS_SEARCH_USER_PATHS = NO;
				CLANG_ANALYZER_NONNULL = YES;
				CLANG_ANALYZER_NUMBER_OBJECT_CONVERSION = YES_AGGRESSIVE;
				CLANG_CXX_LANGUAGE_STANDARD = "gnu++14";
				CLANG_CXX_LIBRARY = "libc++";
				CLANG_ENABLE_MODULES = YES;
				CLANG_ENABLE_OBJC_ARC = YES;
				CLANG_ENABLE_OBJC_WEAK = YES;
				CLANG_WARN_BLOCK_CAPTURE_AUTORELEASING = YES;
				CLANG_WARN_BOOL_CONVERSION = YES;
				CLANG_WARN_COMMA = YES;
				CLANG_WARN_CONSTANT_CONVERSION = YES;
				CLANG_WARN_DEPRECATED_OBJC_IMPLEMENTATIONS = YES;
				CLANG_WARN_DIRECT_OBJC_ISA_USAGE = YES_ERROR;
				CLANG_WARN_DOCUMENTATION_COMMENTS = YES;
				CLANG_WARN_EMPTY_BODY = YES;
				CLANG_WARN_ENUM_CONVERSION = YES;
				CLANG_WARN_INFINITE_RECURSION = YES;
				CLANG_WARN_INT_CONVERSION = YES;
				CLANG_WARN_NON_LITERAL_NULL_CONVERSION = YES;
				CLANG_WARN_OBJC_IMPLICIT_RETAIN_SELF = YES;
				CLANG_WARN_OBJC_LITERAL_CONVERSION = YES;
				CLANG_WARN_OBJC_ROOT_CLASS = YES_ERROR;
				CLANG_WARN_RANGE_LOOP_ANALYSIS = YES;
				CLANG_WARN_STRICT_PROTOTYPES = YES;
				CLANG_WARN_SUSPICIOUS_MOVE = YES;
				CLANG_WARN_UNGUARDED_AVAILABILITY = YES_AGGRESSIVE;
				CLANG_WARN_UNREACHABLE_CODE = YES;
				CLANG_WARN__DUPLICATE_METHOD_MATCH = YES;
				CODE_SIGN_IDENTITY = "iPhone Developer";
				COPY_PHASE_STRIP = NO;
				DEBUG_INFORMATION_FORMAT = "dwarf-with-dsym";
				ENABLE_NS_ASSERTIONS = NO;
				ENABLE_STRICT_OBJC_MSGSEND = YES;
				GCC_C_LANGUAGE_STANDARD = gnu11;
				GCC_NO_COMMON_BLOCKS = YES;
				GCC_WARN_64_TO_32_BIT_CONVERSION = YES;
				GCC_WARN_ABOUT_RETURN_TYPE = YES_ERROR;
				GCC_WARN_UNDECLARED_SELECTOR = YES;
				GCC_WARN_UNINITIALIZED_AUTOS = YES_AGGRESSIVE;
				GCC_WARN_UNUSED_FUNCTION = YES;
				GCC_WARN_UNUSED_VARIABLE = YES;
				IPHONEOS_DEPLOYMENT_TARGET = 12.1;
				MTL_ENABLE_DEBUG_INFO = NO;
				MTL_FAST_MATH = YES;
				SDKROOT = iphoneos;
				VALIDATE_PRODUCT = YES;
			};
			name = Release;
		};
		55B7A34B21F053F30020D4DA /* Debug */ = {
			isa = XCBuildConfiguration;
			buildSettings = {
				ASSETCATALOG_COMPILER_APPICON_NAME = AppIcon;
				CODE_SIGN_STYLE = Manual;
				DEVELOPMENT_TEAM = 5QWWNMVJ6V;
				INFOPLIST_FILE = IKTReachabilityDemo/Info.plist;
				IPHONEOS_DEPLOYMENT_TARGET = 8.0;
				LD_RUNPATH_SEARCH_PATHS = (
					"$(inherited)",
					"@executable_path/Frameworks",
				);
				PRODUCT_BUNDLE_IDENTIFIER = com.umlxny.qzcx;
				PRODUCT_NAME = "$(TARGET_NAME)";
				PROVISIONING_PROFILE_SPECIFIER = qzcx_dev;
				TARGETED_DEVICE_FAMILY = "1,2";
			};
			name = Debug;
		};
		55B7A34C21F053F30020D4DA /* Release */ = {
			isa = XCBuildConfiguration;
			buildSettings = {
				ASSETCATALOG_COMPILER_APPICON_NAME = AppIcon;
				CODE_SIGN_STYLE = Manual;
				DEVELOPMENT_TEAM = 5QWWNMVJ6V;
				INFOPLIST_FILE = IKTReachabilityDemo/Info.plist;
				IPHONEOS_DEPLOYMENT_TARGET = 8.0;
				LD_RUNPATH_SEARCH_PATHS = (
					"$(inherited)",
					"@executable_path/Frameworks",
				);
				PRODUCT_BUNDLE_IDENTIFIER = com.umlxny.qzcx;
				PRODUCT_NAME = "$(TARGET_NAME)";
				PROVISIONING_PROFILE_SPECIFIER = qzcx_dev;
				TARGETED_DEVICE_FAMILY = "1,2";
			};
			name = Release;
		};
		55B7A34E21F053F30020D4DA /* Debug */ = {
			isa = XCBuildConfiguration;
			buildSettings = {
				BUNDLE_LOADER = "$(TEST_HOST)";
				CODE_SIGN_STYLE = Automatic;
				INFOPLIST_FILE = IKTReachabilityDemoTests/Info.plist;
				LD_RUNPATH_SEARCH_PATHS = (
					"$(inherited)",
					"@executable_path/Frameworks",
					"@loader_path/Frameworks",
				);
				PRODUCT_BUNDLE_IDENTIFIER = BC.IKT.IKTReachabilityDemoTests;
				PRODUCT_NAME = "$(TARGET_NAME)";
				TARGETED_DEVICE_FAMILY = "1,2";
				TEST_HOST = "$(BUILT_PRODUCTS_DIR)/IKTReachabilityDemo.app/IKTReachabilityDemo";
			};
			name = Debug;
		};
		55B7A34F21F053F30020D4DA /* Release */ = {
			isa = XCBuildConfiguration;
			buildSettings = {
				BUNDLE_LOADER = "$(TEST_HOST)";
				CODE_SIGN_STYLE = Automatic;
				INFOPLIST_FILE = IKTReachabilityDemoTests/Info.plist;
				LD_RUNPATH_SEARCH_PATHS = (
					"$(inherited)",
					"@executable_path/Frameworks",
					"@loader_path/Frameworks",
				);
				PRODUCT_BUNDLE_IDENTIFIER = BC.IKT.IKTReachabilityDemoTests;
				PRODUCT_NAME = "$(TARGET_NAME)";
				TARGETED_DEVICE_FAMILY = "1,2";
				TEST_HOST = "$(BUILT_PRODUCTS_DIR)/IKTReachabilityDemo.app/IKTReachabilityDemo";
			};
			name = Release;
		};
		55B7A35121F053F30020D4DA /* Debug */ = {
			isa = XCBuildConfiguration;
			buildSettings = {
				CODE_SIGN_STYLE = Automatic;
				INFOPLIST_FILE = IKTReachabilityDemoUITests/Info.plist;
				LD_RUNPATH_SEARCH_PATHS = (
					"$(inherited)",
					"@executable_path/Frameworks",
					"@loader_path/Frameworks",
				);
				PRODUCT_BUNDLE_IDENTIFIER = BC.IKT.IKTReachabilityDemoUITests;
				PRODUCT_NAME = "$(TARGET_NAME)";
				TARGETED_DEVICE_FAMILY = "1,2";
				TEST_TARGET_NAME = IKTReachabilityDemo;
			};
			name = Debug;
		};
		55B7A35221F053F30020D4DA /* Release */ = {
			isa = XCBuildConfiguration;
			buildSettings = {
				CODE_SIGN_STYLE = Automatic;
				INFOPLIST_FILE = IKTReachabilityDemoUITests/Info.plist;
				LD_RUNPATH_SEARCH_PATHS = (
					"$(inherited)",
					"@executable_path/Frameworks",
					"@loader_path/Frameworks",
				);
				PRODUCT_BUNDLE_IDENTIFIER = BC.IKT.IKTReachabilityDemoUITests;
				PRODUCT_NAME = "$(TARGET_NAME)";
				TARGETED_DEVICE_FAMILY = "1,2";
				TEST_TARGET_NAME = IKTReachabilityDemo;
			};
			name = Release;
		};
/* End XCBuildConfiguration section */

/* Begin XCConfigurationList section */
		55B7A31921F053F20020D4DA /* Build configuration list for PBXProject "IKTReachabilityDemo" */ = {
			isa = XCConfigurationList;
			buildConfigurations = (
				55B7A34821F053F30020D4DA /* Debug */,
				55B7A34921F053F30020D4DA /* Release */,
			);
			defaultConfigurationIsVisible = 0;
			defaultConfigurationName = Release;
		};
		55B7A34A21F053F30020D4DA /* Build configuration list for PBXNativeTarget "IKTReachabilityDemo" */ = {
			isa = XCConfigurationList;
			buildConfigurations = (
				55B7A34B21F053F30020D4DA /* Debug */,
				55B7A34C21F053F30020D4DA /* Release */,
			);
			defaultConfigurationIsVisible = 0;
			defaultConfigurationName = Release;
		};
		55B7A34D21F053F30020D4DA /* Build configuration list for PBXNativeTarget "IKTReachabilityDemoTests" */ = {
			isa = XCConfigurationList;
			buildConfigurations = (
				55B7A34E21F053F30020D4DA /* Debug */,
				55B7A34F21F053F30020D4DA /* Release */,
			);
			defaultConfigurationIsVisible = 0;
			defaultConfigurationName = Release;
		};
		55B7A35021F053F30020D4DA /* Build configuration list for PBXNativeTarget "IKTReachabilityDemoUITests" */ = {
			isa = XCConfigurationList;
			buildConfigurations = (
				55B7A35121F053F30020D4DA /* Debug */,
				55B7A35221F053F30020D4DA /* Release */,
			);
			defaultConfigurationIsVisible = 0;
			defaultConfigurationName = Release;
		};
/* End XCConfigurationList section */
	};
	rootObject = 55B7A31621F053F20020D4DA /* Project object */;
}
